
Microsoft Visual Studio Solution File, Format Version 9.00
# Visual Studio 2005
Project("{FAE04EC0-301F-11D3-BF4B-00C04F79EFBC}") = "Parrano.Api", "Parrano.Api\Parrano.Api.csproj", "{A3CA59F5-8418-40E5-B776-A37AF097107F}"
EndProject
Project("{FAE04EC0-301F-11D3-BF4B-00C04F79EFBC}") = "Parrano.Tests", "Parrano.Tests\Parrano.Tests.csproj", "{D76E4804-5195-419E-A8AB-B1E4D81A4C34}"
EndProject
Project("{FAE04EC0-301F-11D3-BF4B-00C04F79EFBC}") = "Parrano.Parser", "Parrano.Parser\Parrano.Parser.csproj", "{9FF14885-C73C-4305-9F3F-E66DF7610E75}"
EndProject
Global
	GlobalSection(SolutionConfigurationPlatforms) = preSolution
		Debug|Any CPU = Debug|Any CPU
		Release|Any CPU = Release|Any CPU
	EndGlobalSection
	GlobalSection(ProjectConfigurationPlatforms) = postSolution
		{A3CA59F5-8418-40E5-B776-A37AF097107F}.Debug|Any CPU.ActiveCfg = Debug|Any CPU
		{A3CA59F5-8418-40E5-B776-A37AF097107F}.Debug|Any CPU.Build.0 = Debug|Any CPU
		{A3CA59F5-8418-40E5-B776-A37AF097107F}.Release|Any CPU.ActiveCfg = Release|Any CPU
		{A3CA59F5-8418-40E5-B776-A37AF097107F}.Release|Any CPU.Build.0 = Release|Any CPU
		{D76E4804-5195-419E-A8AB-B1E4D81A4C34}.Debug|Any CPU.ActiveCfg = Debug|Any CPU
		{D76E4804-5195-419E-A8AB-B1E4D81A4C34}.Debug|Any CPU.Build.0 = Debug|Any CPU
		{D76E4804-5195-419E-A8AB-B1E4D81A4C34}.Release|Any CPU.ActiveCfg = Release|Any CPU
		{D76E4804-5195-419E-A8AB-B1E4D81A4C34}.Release|Any CPU.Build.0 = Release|Any CPU
		{9FF14885-C73C-4305-9F3F-E66DF7610E75}.Debug|Any CPU.ActiveCfg = Debug|Any CPU
		{9FF14885-C73C-4305-9F3F-E66DF7610E75}.Debug|Any CPU.Build.0 = Debug|Any CPU
		{9FF14885-C73C-4305-9F3F-E66DF7610E75}.Release|Any CPU.ActiveCfg = Release|Any CPU
		{9FF14885-C73C-4305-9F3F-E66DF7610E75}.Release|Any CPU.Build.0 = Release|Any CPU
	EndGlobalSection
	GlobalSection(SolutionProperties) = preSolution
		HideSolutionNode = FALSE
	EndGlobalSection
EndGlobal
