
Microsoft Visual Studio Solution File, Format Version 9.00
# Visual Studio 2005
Project("{FAE04EC0-301F-11D3-BF4B-00C04F79EFBC}") = "Hyperlinks", "Parrano.Examples\Hyperlinks\Hyperlinks.csproj", "{D48ED212-A58C-4EDE-9D72-F88B36361E4D}"
EndProject
Project("{FAE04EC0-301F-11D3-BF4B-00C04F79EFBC}") = "Parrano.Api", "Parrano.Api\Parrano.Api.csproj", "{A3CA59F5-8418-40E5-B776-A37AF097107F}"
EndProject
Project("{FAE04EC0-301F-11D3-BF4B-00C04F79EFBC}") = "Invitation", "Parrano.Examples\Invitation\Invitation.csproj", "{02D2BF90-7AA2-45AA-9AAF-86EA58FE55CD}"
EndProject
Project("{FAE04EC0-301F-11D3-BF4B-00C04F79EFBC}") = "PSClock", "Parrano.Examples\PSClock\PSClock.csproj", "{F91A9DC0-2675-45CA-8BA5-AB4597775BE6}"
EndProject
Project("{FAE04EC0-301F-11D3-BF4B-00C04F79EFBC}") = "SpotColor", "Parrano.Examples\SpotColor\SpotColor.csproj", "{09653159-EF7B-4314-B7BD-48802FE9AFA3}"
EndProject
Project("{FAE04EC0-301F-11D3-BF4B-00C04F79EFBC}") = "Calender", "Parrano.Examples\Calender\Calender.csproj", "{D08DAB6A-A9B2-4EF6-9720-2A55D23EE73B}"
EndProject
Global
	GlobalSection(SolutionConfigurationPlatforms) = preSolution
		Debug|Any CPU = Debug|Any CPU
		Release|Any CPU = Release|Any CPU
	EndGlobalSection
	GlobalSection(ProjectConfigurationPlatforms) = postSolution
		{D48ED212-A58C-4EDE-9D72-F88B36361E4D}.Debug|Any CPU.ActiveCfg = Debug|Any CPU
		{D48ED212-A58C-4EDE-9D72-F88B36361E4D}.Debug|Any CPU.Build.0 = Debug|Any CPU
		{D48ED212-A58C-4EDE-9D72-F88B36361E4D}.Release|Any CPU.ActiveCfg = Release|Any CPU
		{D48ED212-A58C-4EDE-9D72-F88B36361E4D}.Release|Any CPU.Build.0 = Release|Any CPU
		{A3CA59F5-8418-40E5-B776-A37AF097107F}.Debug|Any CPU.ActiveCfg = Debug|Any CPU
		{A3CA59F5-8418-40E5-B776-A37AF097107F}.Debug|Any CPU.Build.0 = Debug|Any CPU
		{A3CA59F5-8418-40E5-B776-A37AF097107F}.Release|Any CPU.ActiveCfg = Release|Any CPU
		{A3CA59F5-8418-40E5-B776-A37AF097107F}.Release|Any CPU.Build.0 = Release|Any CPU
		{02D2BF90-7AA2-45AA-9AAF-86EA58FE55CD}.Debug|Any CPU.ActiveCfg = Debug|Any CPU
		{02D2BF90-7AA2-45AA-9AAF-86EA58FE55CD}.Debug|Any CPU.Build.0 = Debug|Any CPU
		{02D2BF90-7AA2-45AA-9AAF-86EA58FE55CD}.Release|Any CPU.ActiveCfg = Release|Any CPU
		{02D2BF90-7AA2-45AA-9AAF-86EA58FE55CD}.Release|Any CPU.Build.0 = Release|Any CPU
		{F91A9DC0-2675-45CA-8BA5-AB4597775BE6}.Debug|Any CPU.ActiveCfg = Debug|Any CPU
		{F91A9DC0-2675-45CA-8BA5-AB4597775BE6}.Debug|Any CPU.Build.0 = Debug|Any CPU
		{F91A9DC0-2675-45CA-8BA5-AB4597775BE6}.Release|Any CPU.ActiveCfg = Release|Any CPU
		{F91A9DC0-2675-45CA-8BA5-AB4597775BE6}.Release|Any CPU.Build.0 = Release|Any CPU
		{09653159-EF7B-4314-B7BD-48802FE9AFA3}.Debug|Any CPU.ActiveCfg = Debug|Any CPU
		{09653159-EF7B-4314-B7BD-48802FE9AFA3}.Debug|Any CPU.Build.0 = Debug|Any CPU
		{09653159-EF7B-4314-B7BD-48802FE9AFA3}.Release|Any CPU.ActiveCfg = Release|Any CPU
		{09653159-EF7B-4314-B7BD-48802FE9AFA3}.Release|Any CPU.Build.0 = Release|Any CPU
		{D08DAB6A-A9B2-4EF6-9720-2A55D23EE73B}.Debug|Any CPU.ActiveCfg = Debug|Any CPU
		{D08DAB6A-A9B2-4EF6-9720-2A55D23EE73B}.Debug|Any CPU.Build.0 = Debug|Any CPU
		{D08DAB6A-A9B2-4EF6-9720-2A55D23EE73B}.Release|Any CPU.ActiveCfg = Release|Any CPU
		{D08DAB6A-A9B2-4EF6-9720-2A55D23EE73B}.Release|Any CPU.Build.0 = Release|Any CPU
	EndGlobalSection
	GlobalSection(SolutionProperties) = preSolution
		HideSolutionNode = FALSE
	EndGlobalSection
EndGlobal
